
Microsoft Visual Studio Solution File, Format Version 12.00
# Visual Studio Version 17
VisualStudioVersion = 17.2.32519.379
MinimumVisualStudioVersion = 10.0.40219.1
Project("{8BC9CEB8-8B4A-11D0-8D11-00A0C91BC942}") = "USBShop", "USBShop\USBShop.vcxproj", "{089A27DA-8DC4-4448-84F8-A5619BBA8930}"
EndProject
Global
	GlobalSection(SolutionConfigurationPlatforms) = preSolution
		Debug|x64 = Debug|x64
		Debug|x86 = Debug|x86
		Release|x64 = Release|x64
		Release|x86 = Release|x86
	EndGlobalSection
	GlobalSection(ProjectConfigurationPlatforms) = postSolution
		{089A27DA-8DC4-4448-84F8-A5619BBA8930}.Debug|x64.ActiveCfg = Debug|x64
		{089A27DA-8DC4-4448-84F8-A5619BBA8930}.Debug|x64.Build.0 = Debug|x64
		{089A27DA-8DC4-4448-84F8-A5619BBA8930}.Debug|x86.ActiveCfg = Debug|Win32
		{089A27DA-8DC4-4448-84F8-A5619BBA8930}.Debug|x86.Build.0 = Debug|Win32
		{089A27DA-8DC4-4448-84F8-A5619BBA8930}.Release|x64.ActiveCfg = Release|x64
		{089A27DA-8DC4-4448-84F8-A5619BBA8930}.Release|x64.Build.0 = Release|x64
		{089A27DA-8DC4-4448-84F8-A5619BBA8930}.Release|x86.ActiveCfg = Release|Win32
		{089A27DA-8DC4-4448-84F8-A5619BBA8930}.Release|x86.Build.0 = Release|Win32
	EndGlobalSection
	GlobalSection(SolutionProperties) = preSolution
		HideSolutionNode = FALSE
	EndGlobalSection
	GlobalSection(ExtensibilityGlobals) = postSolution
		SolutionGuid = {04311346-D81C-41DA-9E00-B1A11D618252}
	EndGlobalSection
EndGlobal
